
Microsoft Visual Studio Solution File, Format Version 12.00
# Visual Studio 14
VisualStudioVersion = 14.0.25420.1
MinimumVisualStudioVersion = 10.0.40219.1
Project("{FAE04EC0-301F-11D3-BF4B-00C04F79EFBC}") = "AplikacjaLingwistyczna", "AplikacjaLingwistyczna\AplikacjaLingwistyczna.csproj", "{F697200B-F339-45A8-A022-CD95A251510A}"
EndProject
Project("{FAE04EC0-301F-11D3-BF4B-00C04F79EFBC}") = "AplikacjaLingwistyczna.Tests", "AplikacjaLingwistyczna.Tests\AplikacjaLingwistyczna.Tests.csproj", "{FCF6FC90-9D56-4F6F-8DD6-2EB2F1923E7A}"
EndProject
Project("{FAE04EC0-301F-11D3-BF4B-00C04F79EFBC}") = "Repo", "Repository\Repo.csproj", "{A814028E-AFE0-4088-AD79-8E0274070AFD}"
EndProject
Project("{FAE04EC0-301F-11D3-BF4B-00C04F79EFBC}") = "Contract", "Contract\Contract.csproj", "{04AF8DDA-6783-40CE-8694-F61EE0B454B7}"
EndProject
Project("{FAE04EC0-301F-11D3-BF4B-00C04F79EFBC}") = "Core", "Core\Core.csproj", "{60D18B36-F779-4EAF-A50A-DA31E67C19A8}"
EndProject
Project("{FAE04EC0-301F-11D3-BF4B-00C04F79EFBC}") = "Model", "Model\Model.csproj", "{D4828BD6-1E4D-4335-A683-56F2EE69A39D}"
EndProject
Project("{FAE04EC0-301F-11D3-BF4B-00C04F79EFBC}") = "Service", "Service\Service.csproj", "{C80AEC74-E45C-4AE3-8613-0D40884E5849}"
EndProject
Global
	GlobalSection(SolutionConfigurationPlatforms) = preSolution
		Debug|Any CPU = Debug|Any CPU
		Release|Any CPU = Release|Any CPU
	EndGlobalSection
	GlobalSection(ProjectConfigurationPlatforms) = postSolution
		{F697200B-F339-45A8-A022-CD95A251510A}.Debug|Any CPU.ActiveCfg = Debug|Any CPU
		{F697200B-F339-45A8-A022-CD95A251510A}.Debug|Any CPU.Build.0 = Debug|Any CPU
		{F697200B-F339-45A8-A022-CD95A251510A}.Release|Any CPU.ActiveCfg = Release|Any CPU
		{F697200B-F339-45A8-A022-CD95A251510A}.Release|Any CPU.Build.0 = Release|Any CPU
		{FCF6FC90-9D56-4F6F-8DD6-2EB2F1923E7A}.Debug|Any CPU.ActiveCfg = Debug|Any CPU
		{FCF6FC90-9D56-4F6F-8DD6-2EB2F1923E7A}.Debug|Any CPU.Build.0 = Debug|Any CPU
		{FCF6FC90-9D56-4F6F-8DD6-2EB2F1923E7A}.Release|Any CPU.ActiveCfg = Release|Any CPU
		{FCF6FC90-9D56-4F6F-8DD6-2EB2F1923E7A}.Release|Any CPU.Build.0 = Release|Any CPU
		{A814028E-AFE0-4088-AD79-8E0274070AFD}.Debug|Any CPU.ActiveCfg = Debug|Any CPU
		{A814028E-AFE0-4088-AD79-8E0274070AFD}.Debug|Any CPU.Build.0 = Debug|Any CPU
		{A814028E-AFE0-4088-AD79-8E0274070AFD}.Release|Any CPU.ActiveCfg = Release|Any CPU
		{A814028E-AFE0-4088-AD79-8E0274070AFD}.Release|Any CPU.Build.0 = Release|Any CPU
		{04AF8DDA-6783-40CE-8694-F61EE0B454B7}.Debug|Any CPU.ActiveCfg = Debug|Any CPU
		{04AF8DDA-6783-40CE-8694-F61EE0B454B7}.Debug|Any CPU.Build.0 = Debug|Any CPU
		{04AF8DDA-6783-40CE-8694-F61EE0B454B7}.Release|Any CPU.ActiveCfg = Release|Any CPU
		{04AF8DDA-6783-40CE-8694-F61EE0B454B7}.Release|Any CPU.Build.0 = Release|Any CPU
		{60D18B36-F779-4EAF-A50A-DA31E67C19A8}.Debug|Any CPU.ActiveCfg = Debug|Any CPU
		{60D18B36-F779-4EAF-A50A-DA31E67C19A8}.Debug|Any CPU.Build.0 = Debug|Any CPU
		{60D18B36-F779-4EAF-A50A-DA31E67C19A8}.Release|Any CPU.ActiveCfg = Release|Any CPU
		{60D18B36-F779-4EAF-A50A-DA31E67C19A8}.Release|Any CPU.Build.0 = Release|Any CPU
		{D4828BD6-1E4D-4335-A683-56F2EE69A39D}.Debug|Any CPU.ActiveCfg = Debug|Any CPU
		{D4828BD6-1E4D-4335-A683-56F2EE69A39D}.Debug|Any CPU.Build.0 = Debug|Any CPU
		{D4828BD6-1E4D-4335-A683-56F2EE69A39D}.Release|Any CPU.ActiveCfg = Release|Any CPU
		{D4828BD6-1E4D-4335-A683-56F2EE69A39D}.Release|Any CPU.Build.0 = Release|Any CPU
		{C80AEC74-E45C-4AE3-8613-0D40884E5849}.Debug|Any CPU.ActiveCfg = Debug|Any CPU
		{C80AEC74-E45C-4AE3-8613-0D40884E5849}.Debug|Any CPU.Build.0 = Debug|Any CPU
		{C80AEC74-E45C-4AE3-8613-0D40884E5849}.Release|Any CPU.ActiveCfg = Release|Any CPU
		{C80AEC74-E45C-4AE3-8613-0D40884E5849}.Release|Any CPU.Build.0 = Release|Any CPU
	EndGlobalSection
	GlobalSection(SolutionProperties) = preSolution
		HideSolutionNode = FALSE
	EndGlobalSection
EndGlobal
